
Microsoft Visual Studio Solution File, Format Version 12.00
# Visual Studio Version 17
VisualStudioVersion = 17.14.36310.24
MinimumVisualStudioVersion = 10.0.40219.1
Project("{2150E333-8FDC-42A3-9474-1A3956D46DE8}") = "src", "src", "{02EA681E-C7D8-13C7-8484-4AC65E1B71E8}"
EndProject
Project("{2150E333-8FDC-42A3-9474-1A3956D46DE8}") = "services", "services", "{5D6AF8D4-EB34-4B6C-A6CC-457D36DC4672}"
EndProject
Project("{2150E333-8FDC-42A3-9474-1A3956D46DE8}") = "catalog", "catalog", "{993E429D-44DB-4E2E-9DFD-842C7516C105}"
EndProject
Project("{FAE04EC0-301F-11D3-BF4B-00C04F79EFBC}") = "UdemyCloneMicroservice.Catalog.Api", "UdemyCloneMicroservice.Catalog.Api\UdemyCloneMicroservice.Catalog.Api.csproj", "{708E6C6F-7B21-4169-8CBD-CEB61FEDBDE6}"
EndProject
Project("{E53339B2-1760-4266-BCC7-CA923CBCF16C}") = "docker-compose", "docker-compose.dcproj", "{81DDED9D-158B-E303-5F62-77A2896D2A5A}"
EndProject
Project("{2150E333-8FDC-42A3-9474-1A3956D46DE8}") = "discount", "discount", "{74F06DD1-DC9F-467B-A2B2-8B4C35C19864}"
EndProject
Project("{FAE04EC0-301F-11D3-BF4B-00C04F79EFBC}") = "UdemyCloneMicroservice.Discount.Api", "UdemyCloneMicroservice.Discount.Api\UdemyCloneMicroservice.Discount.Api.csproj", "{71CBE23F-BCA9-4EA8-BCE6-2325ADAFA4E0}"
EndProject
Project("{2150E333-8FDC-42A3-9474-1A3956D46DE8}") = "basket", "basket", "{FDCA5CA7-F9BF-41A5-B5C3-554EE7DE213E}"
EndProject
Project("{FAE04EC0-301F-11D3-BF4B-00C04F79EFBC}") = "UdemyCloneMicroservice.Basket.Api", "UdemyCloneMicroservice.Basket.Api\UdemyCloneMicroservice.Basket.Api.csproj", "{F908266F-66A0-4062-B3C6-1A1BBDA2502D}"
EndProject
Project("{2150E333-8FDC-42A3-9474-1A3956D46DE8}") = "file", "file", "{7218CE72-A41C-4FAC-951C-25E158B10AEB}"
EndProject
Project("{FAE04EC0-301F-11D3-BF4B-00C04F79EFBC}") = "UdemyCloneMicroservice.File.Api", "UdemyCloneMicroservice.File.Api\UdemyCloneMicroservice.File.Api.csproj", "{9D9CAC2D-1C45-4722-BE8F-8198A7CB41DF}"
EndProject
Project("{2150E333-8FDC-42A3-9474-1A3956D46DE8}") = "payment", "payment", "{6A4763C6-3F5B-401B-A997-D3D40D283CB4}"
EndProject
Project("{FAE04EC0-301F-11D3-BF4B-00C04F79EFBC}") = "UdemyCloneMicroservice.Payment.Api", "UdemyCloneMicroservice.Payment.Api\UdemyCloneMicroservice.Payment.Api.csproj", "{72BAD7E1-B7EE-4901-8004-BAAA2B230D25}"
EndProject
Project("{2150E333-8FDC-42A3-9474-1A3956D46DE8}") = "order", "order", "{D40F1AFE-23D1-4E0B-9E1A-B0911568F55B}"
EndProject
Project("{2150E333-8FDC-42A3-9474-1A3956D46DE8}") = "api", "api", "{1C78CF19-4A5E-4927-A49B-EDD7E9F49E46}"
EndProject
Project("{2150E333-8FDC-42A3-9474-1A3956D46DE8}") = "core", "core", "{233266C9-B7DB-413D-B7BA-76A647D9070D}"
EndProject
Project("{2150E333-8FDC-42A3-9474-1A3956D46DE8}") = "infrastructure", "infrastructure", "{93A043A4-E5A4-40A8-91AA-D0D765F28543}"
EndProject
Project("{FAE04EC0-301F-11D3-BF4B-00C04F79EFBC}") = "UdemyCloneMicroservice.Order.Api", "UdemyCloneMicroservice.Order.Api\UdemyCloneMicroservice.Order.Api.csproj", "{EDD998C7-3137-4B13-B647-F4FA45D6F9F4}"
EndProject
Project("{FAE04EC0-301F-11D3-BF4B-00C04F79EFBC}") = "UdemyCloneMicroservice.Order.Domain", "UdemyCloneMicroservice.Order.Domain\UdemyCloneMicroservice.Order.Domain.csproj", "{6549EA3B-A2C2-469E-B054-6057F3C15473}"
EndProject
Project("{FAE04EC0-301F-11D3-BF4B-00C04F79EFBC}") = "UdemyCloneMicroservice.Order.Application", "UdemyCloneMicroservice.Order.Application\UdemyCloneMicroservice.Order.Application.csproj", "{50193B96-A409-4ACB-812D-D72AA6F4C899}"
EndProject
Project("{FAE04EC0-301F-11D3-BF4B-00C04F79EFBC}") = "UdemyCloneMicroservice.Order.Persistence", "UdemyCloneMicroservice.Order.Persistence\UdemyCloneMicroservice.Order.Persistence.csproj", "{00C2EF66-A33D-4927-A6F3-6A9A01490327}"
EndProject
Project("{2150E333-8FDC-42A3-9474-1A3956D46DE8}") = "gateway", "gateway", "{76F08B4D-1E12-4879-BC29-4F3F881B6D8D}"
EndProject
Project("{FAE04EC0-301F-11D3-BF4B-00C04F79EFBC}") = "UdemyCloneMicroservice.Gateway", "UdemyCloneMicroservice.Gateway\UdemyCloneMicroservice.Gateway.csproj", "{57BEB8DF-0307-449D-BD34-EE0B9BD446D4}"
EndProject
Project("{FAE04EC0-301F-11D3-BF4B-00C04F79EFBC}") = "UdemyCloneMicroservice.Shared", "UdemyCloneMicroservice.Shared\UdemyCloneMicroservice.Shared.csproj", "{EB79D207-219F-590D-869B-A94C0EBE6635}"
EndProject
Project("{2150E333-8FDC-42A3-9474-1A3956D46DE8}") = "shared", "shared", "{D667F330-37C0-469C-BD51-F2056C0B3CEF}"
EndProject
Project("{FAE04EC0-301F-11D3-BF4B-00C04F79EFBC}") = "UdemyCloneMicroservice.Bus", "UdemyCloneMicroservice.Bus\UdemyCloneMicroservice.Bus.csproj", "{807669AF-33FD-48C8-89DE-97FD78666833}"
EndProject
Global
	GlobalSection(SolutionConfigurationPlatforms) = preSolution
		Debug|Any CPU = Debug|Any CPU
		Release|Any CPU = Release|Any CPU
	EndGlobalSection
	GlobalSection(ProjectConfigurationPlatforms) = postSolution
		{708E6C6F-7B21-4169-8CBD-CEB61FEDBDE6}.Debug|Any CPU.ActiveCfg = Debug|Any CPU
		{708E6C6F-7B21-4169-8CBD-CEB61FEDBDE6}.Debug|Any CPU.Build.0 = Debug|Any CPU
		{708E6C6F-7B21-4169-8CBD-CEB61FEDBDE6}.Release|Any CPU.ActiveCfg = Release|Any CPU
		{708E6C6F-7B21-4169-8CBD-CEB61FEDBDE6}.Release|Any CPU.Build.0 = Release|Any CPU
		{81DDED9D-158B-E303-5F62-77A2896D2A5A}.Debug|Any CPU.ActiveCfg = Debug|Any CPU
		{81DDED9D-158B-E303-5F62-77A2896D2A5A}.Debug|Any CPU.Build.0 = Debug|Any CPU
		{81DDED9D-158B-E303-5F62-77A2896D2A5A}.Release|Any CPU.ActiveCfg = Release|Any CPU
		{81DDED9D-158B-E303-5F62-77A2896D2A5A}.Release|Any CPU.Build.0 = Release|Any CPU
		{71CBE23F-BCA9-4EA8-BCE6-2325ADAFA4E0}.Debug|Any CPU.ActiveCfg = Debug|Any CPU
		{71CBE23F-BCA9-4EA8-BCE6-2325ADAFA4E0}.Debug|Any CPU.Build.0 = Debug|Any CPU
		{71CBE23F-BCA9-4EA8-BCE6-2325ADAFA4E0}.Release|Any CPU.ActiveCfg = Release|Any CPU
		{71CBE23F-BCA9-4EA8-BCE6-2325ADAFA4E0}.Release|Any CPU.Build.0 = Release|Any CPU
		{F908266F-66A0-4062-B3C6-1A1BBDA2502D}.Debug|Any CPU.ActiveCfg = Debug|Any CPU
		{F908266F-66A0-4062-B3C6-1A1BBDA2502D}.Debug|Any CPU.Build.0 = Debug|Any CPU
		{F908266F-66A0-4062-B3C6-1A1BBDA2502D}.Release|Any CPU.ActiveCfg = Release|Any CPU
		{F908266F-66A0-4062-B3C6-1A1BBDA2502D}.Release|Any CPU.Build.0 = Release|Any CPU
		{9D9CAC2D-1C45-4722-BE8F-8198A7CB41DF}.Debug|Any CPU.ActiveCfg = Debug|Any CPU
		{9D9CAC2D-1C45-4722-BE8F-8198A7CB41DF}.Debug|Any CPU.Build.0 = Debug|Any CPU
		{9D9CAC2D-1C45-4722-BE8F-8198A7CB41DF}.Release|Any CPU.ActiveCfg = Release|Any CPU
		{9D9CAC2D-1C45-4722-BE8F-8198A7CB41DF}.Release|Any CPU.Build.0 = Release|Any CPU
		{72BAD7E1-B7EE-4901-8004-BAAA2B230D25}.Debug|Any CPU.ActiveCfg = Debug|Any CPU
		{72BAD7E1-B7EE-4901-8004-BAAA2B230D25}.Debug|Any CPU.Build.0 = Debug|Any CPU
		{72BAD7E1-B7EE-4901-8004-BAAA2B230D25}.Release|Any CPU.ActiveCfg = Release|Any CPU
		{72BAD7E1-B7EE-4901-8004-BAAA2B230D25}.Release|Any CPU.Build.0 = Release|Any CPU
		{EDD998C7-3137-4B13-B647-F4FA45D6F9F4}.Debug|Any CPU.ActiveCfg = Debug|Any CPU
		{EDD998C7-3137-4B13-B647-F4FA45D6F9F4}.Debug|Any CPU.Build.0 = Debug|Any CPU
		{EDD998C7-3137-4B13-B647-F4FA45D6F9F4}.Release|Any CPU.ActiveCfg = Release|Any CPU
		{EDD998C7-3137-4B13-B647-F4FA45D6F9F4}.Release|Any CPU.Build.0 = Release|Any CPU
		{6549EA3B-A2C2-469E-B054-6057F3C15473}.Debug|Any CPU.ActiveCfg = Debug|Any CPU
		{6549EA3B-A2C2-469E-B054-6057F3C15473}.Debug|Any CPU.Build.0 = Debug|Any CPU
		{6549EA3B-A2C2-469E-B054-6057F3C15473}.Release|Any CPU.ActiveCfg = Release|Any CPU
		{6549EA3B-A2C2-469E-B054-6057F3C15473}.Release|Any CPU.Build.0 = Release|Any CPU
		{50193B96-A409-4ACB-812D-D72AA6F4C899}.Debug|Any CPU.ActiveCfg = Debug|Any CPU
		{50193B96-A409-4ACB-812D-D72AA6F4C899}.Debug|Any CPU.Build.0 = Debug|Any CPU
		{50193B96-A409-4ACB-812D-D72AA6F4C899}.Release|Any CPU.ActiveCfg = Release|Any CPU
		{50193B96-A409-4ACB-812D-D72AA6F4C899}.Release|Any CPU.Build.0 = Release|Any CPU
		{00C2EF66-A33D-4927-A6F3-6A9A01490327}.Debug|Any CPU.ActiveCfg = Debug|Any CPU
		{00C2EF66-A33D-4927-A6F3-6A9A01490327}.Debug|Any CPU.Build.0 = Debug|Any CPU
		{00C2EF66-A33D-4927-A6F3-6A9A01490327}.Release|Any CPU.ActiveCfg = Release|Any CPU
		{00C2EF66-A33D-4927-A6F3-6A9A01490327}.Release|Any CPU.Build.0 = Release|Any CPU
		{57BEB8DF-0307-449D-BD34-EE0B9BD446D4}.Debug|Any CPU.ActiveCfg = Debug|Any CPU
		{57BEB8DF-0307-449D-BD34-EE0B9BD446D4}.Debug|Any CPU.Build.0 = Debug|Any CPU
		{57BEB8DF-0307-449D-BD34-EE0B9BD446D4}.Release|Any CPU.ActiveCfg = Release|Any CPU
		{57BEB8DF-0307-449D-BD34-EE0B9BD446D4}.Release|Any CPU.Build.0 = Release|Any CPU
		{EB79D207-219F-590D-869B-A94C0EBE6635}.Debug|Any CPU.ActiveCfg = Debug|Any CPU
		{EB79D207-219F-590D-869B-A94C0EBE6635}.Debug|Any CPU.Build.0 = Debug|Any CPU
		{EB79D207-219F-590D-869B-A94C0EBE6635}.Release|Any CPU.ActiveCfg = Release|Any CPU
		{EB79D207-219F-590D-869B-A94C0EBE6635}.Release|Any CPU.Build.0 = Release|Any CPU
		{807669AF-33FD-48C8-89DE-97FD78666833}.Debug|Any CPU.ActiveCfg = Debug|Any CPU
		{807669AF-33FD-48C8-89DE-97FD78666833}.Debug|Any CPU.Build.0 = Debug|Any CPU
		{807669AF-33FD-48C8-89DE-97FD78666833}.Release|Any CPU.ActiveCfg = Release|Any CPU
		{807669AF-33FD-48C8-89DE-97FD78666833}.Release|Any CPU.Build.0 = Release|Any CPU
	EndGlobalSection
	GlobalSection(SolutionProperties) = preSolution
		HideSolutionNode = FALSE
	EndGlobalSection
	GlobalSection(NestedProjects) = preSolution
		{5D6AF8D4-EB34-4B6C-A6CC-457D36DC4672} = {02EA681E-C7D8-13C7-8484-4AC65E1B71E8}
		{993E429D-44DB-4E2E-9DFD-842C7516C105} = {5D6AF8D4-EB34-4B6C-A6CC-457D36DC4672}
		{708E6C6F-7B21-4169-8CBD-CEB61FEDBDE6} = {993E429D-44DB-4E2E-9DFD-842C7516C105}
		{74F06DD1-DC9F-467B-A2B2-8B4C35C19864} = {5D6AF8D4-EB34-4B6C-A6CC-457D36DC4672}
		{71CBE23F-BCA9-4EA8-BCE6-2325ADAFA4E0} = {74F06DD1-DC9F-467B-A2B2-8B4C35C19864}
		{FDCA5CA7-F9BF-41A5-B5C3-554EE7DE213E} = {5D6AF8D4-EB34-4B6C-A6CC-457D36DC4672}
		{F908266F-66A0-4062-B3C6-1A1BBDA2502D} = {FDCA5CA7-F9BF-41A5-B5C3-554EE7DE213E}
		{7218CE72-A41C-4FAC-951C-25E158B10AEB} = {5D6AF8D4-EB34-4B6C-A6CC-457D36DC4672}
		{9D9CAC2D-1C45-4722-BE8F-8198A7CB41DF} = {7218CE72-A41C-4FAC-951C-25E158B10AEB}
		{6A4763C6-3F5B-401B-A997-D3D40D283CB4} = {5D6AF8D4-EB34-4B6C-A6CC-457D36DC4672}
		{72BAD7E1-B7EE-4901-8004-BAAA2B230D25} = {6A4763C6-3F5B-401B-A997-D3D40D283CB4}
		{D40F1AFE-23D1-4E0B-9E1A-B0911568F55B} = {5D6AF8D4-EB34-4B6C-A6CC-457D36DC4672}
		{1C78CF19-4A5E-4927-A49B-EDD7E9F49E46} = {D40F1AFE-23D1-4E0B-9E1A-B0911568F55B}
		{233266C9-B7DB-413D-B7BA-76A647D9070D} = {D40F1AFE-23D1-4E0B-9E1A-B0911568F55B}
		{93A043A4-E5A4-40A8-91AA-D0D765F28543} = {D40F1AFE-23D1-4E0B-9E1A-B0911568F55B}
		{EDD998C7-3137-4B13-B647-F4FA45D6F9F4} = {1C78CF19-4A5E-4927-A49B-EDD7E9F49E46}
		{6549EA3B-A2C2-469E-B054-6057F3C15473} = {233266C9-B7DB-413D-B7BA-76A647D9070D}
		{50193B96-A409-4ACB-812D-D72AA6F4C899} = {233266C9-B7DB-413D-B7BA-76A647D9070D}
		{00C2EF66-A33D-4927-A6F3-6A9A01490327} = {93A043A4-E5A4-40A8-91AA-D0D765F28543}
		{76F08B4D-1E12-4879-BC29-4F3F881B6D8D} = {5D6AF8D4-EB34-4B6C-A6CC-457D36DC4672}
		{57BEB8DF-0307-449D-BD34-EE0B9BD446D4} = {76F08B4D-1E12-4879-BC29-4F3F881B6D8D}
		{EB79D207-219F-590D-869B-A94C0EBE6635} = {D667F330-37C0-469C-BD51-F2056C0B3CEF}
		{D667F330-37C0-469C-BD51-F2056C0B3CEF} = {02EA681E-C7D8-13C7-8484-4AC65E1B71E8}
		{807669AF-33FD-48C8-89DE-97FD78666833} = {D667F330-37C0-469C-BD51-F2056C0B3CEF}
	EndGlobalSection
	GlobalSection(ExtensibilityGlobals) = postSolution
		SolutionGuid = {F72C24F3-1E4A-49AD-AB42-A5D6665737FC}
	EndGlobalSection
EndGlobal
